
Microsoft Visual Studio Solution File, Format Version 12.00
# Visual Studio Version 17
VisualStudioVersion = 17.7.34221.43
MinimumVisualStudioVersion = 10.0.40219.1
Project("{FAE04EC0-301F-11D3-BF4B-00C04F79EFBC}") = "for4_1575", "for4_1575\for4_1575.csproj", "{12A0EFC2-CE71-4429-8CA3-6C83549DBDEE}"
EndProject
Global
	GlobalSection(SolutionConfigurationPlatforms) = preSolution
		Debug|Any CPU = Debug|Any CPU
		Release|Any CPU = Release|Any CPU
	EndGlobalSection
	GlobalSection(ProjectConfigurationPlatforms) = postSolution
		{12A0EFC2-CE71-4429-8CA3-6C83549DBDEE}.Debug|Any CPU.ActiveCfg = Debug|Any CPU
		{12A0EFC2-CE71-4429-8CA3-6C83549DBDEE}.Debug|Any CPU.Build.0 = Debug|Any CPU
		{12A0EFC2-CE71-4429-8CA3-6C83549DBDEE}.Release|Any CPU.ActiveCfg = Release|Any CPU
		{12A0EFC2-CE71-4429-8CA3-6C83549DBDEE}.Release|Any CPU.Build.0 = Release|Any CPU
	EndGlobalSection
	GlobalSection(SolutionProperties) = preSolution
		HideSolutionNode = FALSE
	EndGlobalSection
	GlobalSection(ExtensibilityGlobals) = postSolution
		SolutionGuid = {70570C8B-11C2-40FE-B9ED-8E8B547CC98B}
	EndGlobalSection
EndGlobal
